
Microsoft Visual Studio Solution File, Format Version 12.00
# Visual Studio Version 17
VisualStudioVersion = 17.6.33815.320
MinimumVisualStudioVersion = 10.0.40219.1
Project("{FAE04EC0-301F-11D3-BF4B-00C04F79EFBC}") = "Lab04", "Lab04\Lab04.csproj", "{E0BC3B94-6052-4CF0-8713-A978E81D4B97}"
EndProject
Global
	GlobalSection(SolutionConfigurationPlatforms) = preSolution
		Debug|Any CPU = Debug|Any CPU
		Release|Any CPU = Release|Any CPU
	EndGlobalSection
	GlobalSection(ProjectConfigurationPlatforms) = postSolution
		{E0BC3B94-6052-4CF0-8713-A978E81D4B97}.Debug|Any CPU.ActiveCfg = Debug|Any CPU
		{E0BC3B94-6052-4CF0-8713-A978E81D4B97}.Debug|Any CPU.Build.0 = Debug|Any CPU
		{E0BC3B94-6052-4CF0-8713-A978E81D4B97}.Release|Any CPU.ActiveCfg = Release|Any CPU
		{E0BC3B94-6052-4CF0-8713-A978E81D4B97}.Release|Any CPU.Build.0 = Release|Any CPU
	EndGlobalSection
	GlobalSection(SolutionProperties) = preSolution
		HideSolutionNode = FALSE
	EndGlobalSection
	GlobalSection(ExtensibilityGlobals) = postSolution
		SolutionGuid = {0E9981C4-DEAC-4CB0-A34F-DCD33A5603BB}
	EndGlobalSection
EndGlobal
